// !$*UTF8*$!
{
	archiveVersion = 1;
	classes = {
	};
	objectVersion = 50;
	objects = {

/* Begin PBXBuildFile section */
		543CFAA320B8773700CF3891 /* AppDelegate.swift in Sources */ = {isa = PBXBuildFile; fileRef = 543CFAA220B8773700CF3891 /* AppDelegate.swift */; };
		543CFAA520B8773700CF3891 /* ViewController.swift in Sources */ = {isa = PBXBuildFile; fileRef = 543CFAA420B8773700CF3891 /* ViewController.swift */; };
		543CFAA820B8773700CF3891 /* Main.storyboard in Resources */ = {isa = PBXBuildFile; fileRef = 543CFAA620B8773700CF3891 /* Main.storyboard */; };
		543CFAAA20B8773800CF3891 /* Assets.xcassets in Resources */ = {isa = PBXBuildFile; fileRef = 543CFAA920B8773800CF3891 /* Assets.xcassets */; };
		543CFAAD20B8773800CF3891 /* LaunchScreen.storyboard in Resources */ = {isa = PBXBuildFile; fileRef = 543CFAAB20B8773800CF3891 /* LaunchScreen.storyboard */; };
		E79E8A22BB9489FD78401155 /* Pods_BitCoinTicker.framework in Frameworks */ = {isa = PBXBuildFile; fileRef = EC51268B1B58BA8738D859C4 /* Pods_BitCoinTicker.framework */; };
/* End PBXBuildFile section */

/* Begin PBXFileReference section */
		543CFA9F20B8773700CF3891 /* BitCoinTicker.app */ = {isa = PBXFileReference; explicitFileType = wrapper.application; includeInIndex = 0; path = BitCoinTicker.app; sourceTree = BUILT_PRODUCTS_DIR; };
		543CFAA220B8773700CF3891 /* AppDelegate.swift */ = {isa = PBXFileReference; lastKnownFileType = sourcecode.swift; path = AppDelegate.swift; sourceTree = "<group>"; };
		543CFAA420B8773700CF3891 /* ViewController.swift */ = {isa = PBXFileReference; lastKnownFileType = sourcecode.swift; path = ViewController.swift; sourceTree = "<group>"; };
		543CFAA720B8773700CF3891 /* Base */ = {isa = PBXFileReference; lastKnownFileType = file.storyboard; name = Base; path = Base.lproj/Main.storyboard; sourceTree = "<group>"; };
		543CFAA920B8773800CF3891 /* Assets.xcassets */ = {isa = PBXFileReference; lastKnownFileType = folder.assetcatalog; path = Assets.xcassets; sourceTree = "<group>"; };
		543CFAAC20B8773800CF3891 /* Base */ = {isa = PBXFileReference; lastKnownFileType = file.storyboard; name = Base; path = Base.lproj/LaunchScreen.storyboard; sourceTree = "<group>"; };
		543CFAAE20B8773800CF3891 /* Info.plist */ = {isa = PBXFileReference; lastKnownFileType = text.plist.xml; path = Info.plist; sourceTree = "<group>"; };
		BDADDF7ABC517060726534C1 /* Pods-BitCoinTicker.release.xcconfig */ = {isa = PBXFileReference; includeInIndex = 1; lastKnownFileType = text.xcconfig; name = "Pods-BitCoinTicker.release.xcconfig"; path = "Pods/Target Support Files/Pods-BitCoinTicker/Pods-BitCoinTicker.release.xcconfig"; sourceTree = "<group>"; };
		C8F821F02161034CA0241940 /* Pods-BitCoinTicker.debug.xcconfig */ = {isa = PBXFileReference; includeInIndex = 1; lastKnownFileType = text.xcconfig; name = "Pods-BitCoinTicker.debug.xcconfig"; path = "Pods/Target Support Files/Pods-BitCoinTicker/Pods-BitCoinTicker.debug.xcconfig"; sourceTree = "<group>"; };
		EC51268B1B58BA8738D859C4 /* Pods_BitCoinTicker.framework */ = {isa = PBXFileReference; explicitFileType = wrapper.framework; includeInIndex = 0; path = Pods_BitCoinTicker.framework; sourceTree = BUILT_PRODUCTS_DIR; };
/* End PBXFileReference section */

/* Begin PBXFrameworksBuildPhase section */
		543CFA9C20B8773700CF3891 /* Frameworks */ = {
			isa = PBXFrameworksBuildPhase;
			buildActionMask = 2147483647;
			files = (
				E79E8A22BB9489FD78401155 /* Pods_BitCoinTicker.framework in Frameworks */,
			);
			runOnlyForDeploymentPostprocessing = 0;
		};
/* End PBXFrameworksBuildPhase section */

/* Begin PBXGroup section */
		1FA0151C6FDAAC5D12DFB700 /* Frameworks */ = {
			isa = PBXGroup;
			children = (
				EC51268B1B58BA8738D859C4 /* Pods_BitCoinTicker.framework */,
			);
			name = Frameworks;
			sourceTree = "<group>";
		};
		543CFA9620B8773700CF3891 = {
			isa = PBXGroup;
			children = (
				543CFAA120B8773700CF3891 /* BitCoinTicker */,
				543CFAA020B8773700CF3891 /* Products */,
				9BE58919153C260077DAB387 /* Pods */,
				1FA0151C6FDAAC5D12DFB700 /* Frameworks */,
			);
			sourceTree = "<group>";
		};
		543CFAA020B8773700CF3891 /* Products */ = {
			isa = PBXGroup;
			children = (
				543CFA9F20B8773700CF3891 /* BitCoinTicker.app */,
			);
			name = Products;
			sourceTree = "<group>";
		};
		543CFAA120B8773700CF3891 /* BitCoinTicker */ = {
			isa = PBXGroup;
			children = (
				543CFAA220B8773700CF3891 /* AppDelegate.swift */,
				543CFAA420B8773700CF3891 /* ViewController.swift */,
				543CFAA620B8773700CF3891 /* Main.storyboard */,
				543CFAA920B8773800CF3891 /* Assets.xcassets */,
				543CFAAB20B8773800CF3891 /* LaunchScreen.storyboard */,
				543CFAAE20B8773800CF3891 /* Info.plist */,
			);
			path = BitCoinTicker;
			sourceTree = "<group>";
		};
		9BE58919153C260077DAB387 /* Pods */ = {
			isa = PBXGroup;
			children = (
				C8F821F02161034CA0241940 /* Pods-BitCoinTicker.debug.xcconfig */,
				BDADDF7ABC517060726534C1 /* Pods-BitCoinTicker.release.xcconfig */,
			);
			name = Pods;
			sourceTree = "<group>";
		};
/* End PBXGroup section */

/* Begin PBXNativeTarget section */
		543CFA9E20B8773700CF3891 /* BitCoinTicker */ = {
			isa = PBXNativeTarget;
			buildConfigurationList = 543CFAB120B8773800CF3891 /* Build configuration list for PBXNativeTarget "BitCoinTicker" */;
			buildPhases = (
				AABF03AABFE0D4EFBD727118 /* [CP] Check Pods Manifest.lock */,
				543CFA9B20B8773700CF3891 /* Sources */,
				543CFA9C20B8773700CF3891 /* Frameworks */,
				543CFA9D20B8773700CF3891 /* Resources */,
				B619E9603D5EDDA51BE53492 /* [CP] Embed Pods Frameworks */,
				6EAA765F47C8356EFBAF3E61 /* [CP] Copy Pods Resources */,
			);
			buildRules = (
			);
			dependencies = (
			);
			name = BitCoinTicker;
			productName = BitCoinTicker;
			productReference = 543CFA9F20B8773700CF3891 /* BitCoinTicker.app */;
			productType = "com.apple.product-type.application";
		};
/* End PBXNativeTarget section */

/* Begin PBXProject section */
		543CFA9720B8773700CF3891 /* Project object */ = {
			isa = PBXProject;
			attributes = {
				LastSwiftUpdateCheck = 0930;
				LastUpgradeCheck = 0930;
				ORGANIZATIONNAME = S2H;
				TargetAttributes = {
					543CFA9E20B8773700CF3891 = {
						CreatedOnToolsVersion = 9.3;
					};
				};
			};
			buildConfigurationList = 543CFA9A20B8773700CF3891 /* Build configuration list for PBXProject "BitCoinTicker" */;
			compatibilityVersion = "Xcode 9.3";
			developmentRegion = en;
			hasScannedForEncodings = 0;
			knownRegions = (
				en,
				Base,
			);
			mainGroup = 543CFA9620B8773700CF3891;
			productRefGroup = 543CFAA020B8773700CF3891 /* Products */;
			projectDirPath = "";
			projectRoot = "";
			targets = (
				543CFA9E20B8773700CF3891 /* BitCoinTicker */,
			);
		};
/* End PBXProject section */

/* Begin PBXResourcesBuildPhase section */
		543CFA9D20B8773700CF3891 /* Resources */ = {
			isa = PBXResourcesBuildPhase;
			buildActionMask = 2147483647;
			files = (
				543CFAAD20B8773800CF3891 /* LaunchScreen.storyboard in Resources */,
				543CFAAA20B8773800CF3891 /* Assets.xcassets in Resources */,
				543CFAA820B8773700CF3891 /* Main.storyboard in Resources */,
			);
			runOnlyForDeploymentPostprocessing = 0;
		};
/* End PBXResourcesBuildPhase section */

/* Begin PBXShellScriptBuildPhase section */
		6EAA765F47C8356EFBAF3E61 /* [CP] Copy Pods Resources */ = {
			isa = PBXShellScriptBuildPhase;
			buildActionMask = 2147483647;
			files = (
			);
			inputPaths = (
			);
			name = "[CP] Copy Pods Resources";
			outputPaths = (
			);
			runOnlyForDeploymentPostprocessing = 0;
			shellPath = /bin/sh;
			shellScript = "\"${SRCROOT}/Pods/Target Support Files/Pods-BitCoinTicker/Pods-BitCoinTicker-resources.sh\"\n";
			showEnvVarsInLog = 0;
		};
		AABF03AABFE0D4EFBD727118 /* [CP] Check Pods Manifest.lock */ = {
			isa = PBXShellScriptBuildPhase;
			buildActionMask = 2147483647;
			files = (
			);
			inputPaths = (
				"${PODS_PODFILE_DIR_PATH}/Podfile.lock",
				"${PODS_ROOT}/Manifest.lock",
			);
			name = "[CP] Check Pods Manifest.lock";
			outputPaths = (
				"$(DERIVED_FILE_DIR)/Pods-BitCoinTicker-checkManifestLockResult.txt",
			);
			runOnlyForDeploymentPostprocessing = 0;
			shellPath = /bin/sh;
			shellScript = "diff \"${PODS_PODFILE_DIR_PATH}/Podfile.lock\" \"${PODS_ROOT}/Manifest.lock\" > /dev/null\nif [ $? != 0 ] ; then\n    # print error to STDERR\n    echo \"error: The sandbox is not in sync with the Podfile.lock. Run 'pod install' or update your CocoaPods installation.\" >&2\n    exit 1\nfi\n# This output is used by Xcode 'outputs' to avoid re-running this script phase.\necho \"SUCCESS\" > \"${SCRIPT_OUTPUT_FILE_0}\"\n";
			showEnvVarsInLog = 0;
		};
		B619E9603D5EDDA51BE53492 /* [CP] Embed Pods Frameworks */ = {
			isa = PBXShellScriptBuildPhase;
			buildActionMask = 2147483647;
			files = (
			);
			inputPaths = (
				"${SRCROOT}/Pods/Target Support Files/Pods-BitCoinTicker/Pods-BitCoinTicker-frameworks.sh",
				"${BUILT_PRODUCTS_DIR}/Alamofire/Alamofire.framework",
				"${BUILT_PRODUCTS_DIR}/SwiftyJSON/SwiftyJSON.framework",
			);
			name = "[CP] Embed Pods Frameworks";
			outputPaths = (
				"${TARGET_BUILD_DIR}/${FRAMEWORKS_FOLDER_PATH}/Alamofire.framework",
				"${TARGET_BUILD_DIR}/${FRAMEWORKS_FOLDER_PATH}/SwiftyJSON.framework",
			);
			runOnlyForDeploymentPostprocessing = 0;
			shellPath = /bin/sh;
			shellScript = "\"${SRCROOT}/Pods/Target Support Files/Pods-BitCoinTicker/Pods-BitCoinTicker-frameworks.sh\"\n";
			showEnvVarsInLog = 0;
		};
/* End PBXShellScriptBuildPhase section */

/* Begin PBXSourcesBuildPhase section */
		543CFA9B20B8773700CF3891 /* Sources */ = {
			isa = PBXSourcesBuildPhase;
			buildActionMask = 2147483647;
			files = (
				543CFAA520B8773700CF3891 /* ViewController.swift in Sources */,
				543CFAA320B8773700CF3891 /* AppDelegate.swift in Sources */,
			);
			runOnlyForDeploymentPostprocessing = 0;
		};
/* End PBXSourcesBuildPhase section */

/* Begin PBXVariantGroup section */
		543CFAA620B8773700CF3891 /* Main.storyboard */ = {
			isa = PBXVariantGroup;
			children = (
				543CFAA720B8773700CF3891 /* Base */,
			);
			name = Main.storyboard;
			sourceTree = "<group>";
		};
		543CFAAB20B8773800CF3891 /* LaunchScreen.storyboard */ = {
			isa = PBXVariantGroup;
			children = (
				543CFAAC20B8773800CF3891 /* Base */,
			);
			name = LaunchScreen.storyboard;
			sourceTree = "<group>";
		};
/* End PBXVariantGroup section */

/* Begin XCBuildConfiguration section */
		543CFAAF20B8773800CF3891 /* Debug */ = {
			isa = XCBuildConfiguration;
			buildSettings = {
				ALWAYS_SEARCH_USER_PATHS = NO;
				CLANG_ANALYZER_NONNULL = YES;
				CLANG_ANALYZER_NUMBER_OBJECT_CONVERSION = YES_AGGRESSIVE;
				CLANG_CXX_LANGUAGE_STANDARD = "gnu++14";
				CLANG_CXX_LIBRARY = "libc++";
				CLANG_ENABLE_MODULES = YES;
				CLANG_ENABLE_OBJC_ARC = YES;
				CLANG_ENABLE_OBJC_WEAK = YES;
				CLANG_WARN_BLOCK_CAPTURE_AUTORELEASING = YES;
				CLANG_WARN_BOOL_CONVERSION = YES;
				CLANG_WARN_COMMA = YES;
				CLANG_WARN_CONSTANT_CONVERSION = YES;
				CLANG_WARN_DEPRECATED_OBJC_IMPLEMENTATIONS = YES;
				CLANG_WARN_DIRECT_OBJC_ISA_USAGE = YES_ERROR;
				CLANG_WARN_DOCUMENTATION_COMMENTS = YES;
				CLANG_WARN_EMPTY_BODY = YES;
				CLANG_WARN_ENUM_CONVERSION = YES;
				CLANG_WARN_INFINITE_RECURSION = YES;
				CLANG_WARN_INT_CONVERSION = YES;
				CLANG_WARN_NON_LITERAL_NULL_CONVERSION = YES;
				CLANG_WARN_OBJC_IMPLICIT_RETAIN_SELF = YES;
				CLANG_WARN_OBJC_LITERAL_CONVERSION = YES;
				CLANG_WARN_OBJC_ROOT_CLASS = YES_ERROR;
				CLANG_WARN_RANGE_LOOP_ANALYSIS = YES;
				CLANG_WARN_STRICT_PROTOTYPES = YES;
				CLANG_WARN_SUSPICIOUS_MOVE = YES;
				CLANG_WARN_UNGUARDED_AVAILABILITY = YES_AGGRESSIVE;
				CLANG_WARN_UNREACHABLE_CODE = YES;
				CLANG_WARN__DUPLICATE_METHOD_MATCH = YES;
				CODE_SIGN_IDENTITY = "iPhone Developer";
				COPY_PHASE_STRIP = NO;
				DEBUG_INFORMATION_FORMAT = dwarf;
				ENABLE_STRICT_OBJC_MSGSEND = YES;
				ENABLE_TESTABILITY = YES;
				GCC_C_LANGUAGE_STANDARD = gnu11;
				GCC_DYNAMIC_NO_PIC = NO;
				GCC_NO_COMMON_BLOCKS = YES;
				GCC_OPTIMIZATION_LEVEL = 0;
				GCC_PREPROCESSOR_DEFINITIONS = (
					"DEBUG=1",
					"$(inherited)",
				);
				GCC_WARN_64_TO_32_BIT_CONVERSION = YES;
				GCC_WARN_ABOUT_RETURN_TYPE = YES_ERROR;
				GCC_WARN_UNDECLARED_SELECTOR = YES;
				GCC_WARN_UNINITIALIZED_AUTOS = YES_AGGRESSIVE;
				GCC_WARN_UNUSED_FUNCTION = YES;
				GCC_WARN_UNUSED_VARIABLE = YES;
				IPHONEOS_DEPLOYMENT_TARGET = 11.3;
				MTL_ENABLE_DEBUG_INFO = YES;
				ONLY_ACTIVE_ARCH = YES;
				SDKROOT = iphoneos;
				SWIFT_ACTIVE_COMPILATION_CONDITIONS = DEBUG;
				SWIFT_OPTIMIZATION_LEVEL = "-Onone";
			};
			name = Debug;
		};
		543CFAB020B8773800CF3891 /* Release */ = {
			isa = XCBuildConfiguration;
			buildSettings = {
				ALWAYS_SEARCH_USER_PATHS = NO;
				CLANG_ANALYZER_NONNULL = YES;
				CLANG_ANALYZER_NUMBER_OBJECT_CONVERSION = YES_AGGRESSIVE;
				CLANG_CXX_LANGUAGE_STANDARD = "gnu++14";
				CLANG_CXX_LIBRARY = "libc++";
				CLANG_ENABLE_MODULES = YES;
				CLANG_ENABLE_OBJC_ARC = YES;
				CLANG_ENABLE_OBJC_WEAK = YES;
				CLANG_WARN_BLOCK_CAPTURE_AUTORELEASING = YES;
				CLANG_WARN_BOOL_CONVERSION = YES;
				CLANG_WARN_COMMA = YES;
				CLANG_WARN_CONSTANT_CONVERSION = YES;
				CLANG_WARN_DEPRECATED_OBJC_IMPLEMENTATIONS = YES;
				CLANG_WARN_DIRECT_OBJC_ISA_USAGE = YES_ERROR;
				CLANG_WARN_DOCUMENTATION_COMMENTS = YES;
				CLANG_WARN_EMPTY_BODY = YES;
				CLANG_WARN_ENUM_CONVERSION = YES;
				CLANG_WARN_INFINITE_RECURSION = YES;
				CLANG_WARN_INT_CONVERSION = YES;
				CLANG_WARN_NON_LITERAL_NULL_CONVERSION = YES;
				CLANG_WARN_OBJC_IMPLICIT_RETAIN_SELF = YES;
				CLANG_WARN_OBJC_LITERAL_CONVERSION = YES;
				CLANG_WARN_OBJC_ROOT_CLASS = YES_ERROR;
				CLANG_WARN_RANGE_LOOP_ANALYSIS = YES;
				CLANG_WARN_STRICT_PROTOTYPES = YES;
				CLANG_WARN_SUSPICIOUS_MOVE = YES;
				CLANG_WARN_UNGUARDED_AVAILABILITY = YES_AGGRESSIVE;
				CLANG_WARN_UNREACHABLE_CODE = YES;
				CLANG_WARN__DUPLICATE_METHOD_MATCH = YES;
				CODE_SIGN_IDENTITY = "iPhone Developer";
				COPY_PHASE_STRIP = NO;
				DEBUG_INFORMATION_FORMAT = "dwarf-with-dsym";
				ENABLE_NS_ASSERTIONS = NO;
				ENABLE_STRICT_OBJC_MSGSEND = YES;
				GCC_C_LANGUAGE_STANDARD = gnu11;
				GCC_NO_COMMON_BLOCKS = YES;
				GCC_WARN_64_TO_32_BIT_CONVERSION = YES;
				GCC_WARN_ABOUT_RETURN_TYPE = YES_ERROR;
				GCC_WARN_UNDECLARED_SELECTOR = YES;
				GCC_WARN_UNINITIALIZED_AUTOS = YES_AGGRESSIVE;
				GCC_WARN_UNUSED_FUNCTION = YES;
				GCC_WARN_UNUSED_VARIABLE = YES;
				IPHONEOS_DEPLOYMENT_TARGET = 11.3;
				MTL_ENABLE_DEBUG_INFO = NO;
				SDKROOT = iphoneos;
				SWIFT_COMPILATION_MODE = wholemodule;
				SWIFT_OPTIMIZATION_LEVEL = "-O";
				VALIDATE_PRODUCT = YES;
			};
			name = Release;
		};
		543CFAB220B8773800CF3891 /* Debug */ = {
			isa = XCBuildConfiguration;
			baseConfigurationReference = C8F821F02161034CA0241940 /* Pods-BitCoinTicker.debug.xcconfig */;
			buildSettings = {
				ASSETCATALOG_COMPILER_APPICON_NAME = AppIcon;
				CODE_SIGN_STYLE = Automatic;
				DEVELOPMENT_TEAM = 5W9SHGAJVE;
				INFOPLIST_FILE = BitCoinTicker/Info.plist;
				LD_RUNPATH_SEARCH_PATHS = "$(inherited) @executable_path/Frameworks";
				PRODUCT_BUNDLE_IDENTIFIER = com.ssh.BitCoinTicker;
				PRODUCT_NAME = "$(TARGET_NAME)";
				SWIFT_VERSION = 4.0;
				TARGETED_DEVICE_FAMILY = "1,2";
			};
			name = Debug;
		};
		543CFAB320B8773800CF3891 /* Release */ = {
			isa = XCBuildConfiguration;
			baseConfigurationReference = BDADDF7ABC517060726534C1 /* Pods-BitCoinTicker.release.xcconfig */;
			buildSettings = {
				ASSETCATALOG_COMPILER_APPICON_NAME = AppIcon;
				CODE_SIGN_STYLE = Automatic;
				DEVELOPMENT_TEAM = 5W9SHGAJVE;
				INFOPLIST_FILE = BitCoinTicker/Info.plist;
				LD_RUNPATH_SEARCH_PATHS = "$(inherited) @executable_path/Frameworks";
				PRODUCT_BUNDLE_IDENTIFIER = com.ssh.BitCoinTicker;
				PRODUCT_NAME = "$(TARGET_NAME)";
				SWIFT_VERSION = 4.0;
				TARGETED_DEVICE_FAMILY = "1,2";
			};
			name = Release;
		};
/* End XCBuildConfiguration section */

/* Begin XCConfigurationList section */
		543CFA9A20B8773700CF3891 /* Build configuration list for PBXProject "BitCoinTicker" */ = {
			isa = XCConfigurationList;
			buildConfigurations = (
				543CFAAF20B8773800CF3891 /* Debug */,
				543CFAB020B8773800CF3891 /* Release */,
			);
			defaultConfigurationIsVisible = 0;
			defaultConfigurationName = Release;
		};
		543CFAB120B8773800CF3891 /* Build configuration list for PBXNativeTarget "BitCoinTicker" */ = {
			isa = XCConfigurationList;
			buildConfigurations = (
				543CFAB220B8773800CF3891 /* Debug */,
				543CFAB320B8773800CF3891 /* Release */,
			);
			defaultConfigurationIsVisible = 0;
			defaultConfigurationName = Release;
		};
/* End XCConfigurationList section */
	};
	rootObject = 543CFA9720B8773700CF3891 /* Project object */;
}
